// !$*UTF8*$!
{
	archiveVersion = 1;
	classes = {
	};
	objectVersion = 51;
	objects = {

/* Begin PBXBuildFile section */
		D89CB59FE6E7CD98DCD8A00D /* Pods_Catalog_app.framework in Frameworks */ = {isa = PBXBuildFile; fileRef = 4B4B8737FF34540BE60A83E1 /* Pods_Catalog_app.framework */; };
		FA0C6BAC2735692500B538EE /* DetailViewController.swift in Sources */ = {isa = PBXBuildFile; fileRef = FA0C6BAB2735692500B538EE /* DetailViewController.swift */; };
		FA0C6BAF27356A8500B538EE /* HomeViewController.swift in Sources */ = {isa = PBXBuildFile; fileRef = FA0C6BAE27356A8500B538EE /* HomeViewController.swift */; };
		FA0C6BB627356F9800B538EE /* ProductCollectionViewCell.swift in Sources */ = {isa = PBXBuildFile; fileRef = FA0C6BB527356F9800B538EE /* ProductCollectionViewCell.swift */; };
		FA0C6BBC2735903300B538EE /* CategoriesViewController.swift in Sources */ = {isa = PBXBuildFile; fileRef = FA0C6BBB2735903300B538EE /* CategoriesViewController.swift */; };
		FA0C6BC02735931D00B538EE /* CategoryTableViewCell.swift in Sources */ = {isa = PBXBuildFile; fileRef = FA0C6BBF2735931D00B538EE /* CategoryTableViewCell.swift */; };
		FA42B27E273404CB00B0CD8A /* AppDelegate.swift in Sources */ = {isa = PBXBuildFile; fileRef = FA42B27D273404CB00B0CD8A /* AppDelegate.swift */; };
		FA42B280273404CB00B0CD8A /* SceneDelegate.swift in Sources */ = {isa = PBXBuildFile; fileRef = FA42B27F273404CB00B0CD8A /* SceneDelegate.swift */; };
		FA42B282273404CB00B0CD8A /* LoginViewController.swift in Sources */ = {isa = PBXBuildFile; fileRef = FA42B281273404CB00B0CD8A /* LoginViewController.swift */; };
		FA42B285273404CB00B0CD8A /* Login.storyboard in Resources */ = {isa = PBXBuildFile; fileRef = FA42B283273404CB00B0CD8A /* Login.storyboard */; };
		FA42B288273404CB00B0CD8A /* CoreData.xcdatamodeld in Sources */ = {isa = PBXBuildFile; fileRef = FA42B286273404CB00B0CD8A /* CoreData.xcdatamodeld */; };
		FA42B28A273404CD00B0CD8A /* Assets.xcassets in Resources */ = {isa = PBXBuildFile; fileRef = FA42B289273404CD00B0CD8A /* Assets.xcassets */; };
		FA42B28D273404CD00B0CD8A /* LaunchScreen.storyboard in Resources */ = {isa = PBXBuildFile; fileRef = FA42B28B273404CD00B0CD8A /* LaunchScreen.storyboard */; };
		FA42B29A2734207B00B0CD8A /* Catalog.storyboard in Resources */ = {isa = PBXBuildFile; fileRef = FA42B2992734207B00B0CD8A /* Catalog.storyboard */; };
		FA42B2AD273438C600B0CD8A /* SignUpViewController.swift in Sources */ = {isa = PBXBuildFile; fileRef = FA42B2AC273438C600B0CD8A /* SignUpViewController.swift */; };
		FA42B2B02734394A00B0CD8A /* ResetPasswordViewController.swift in Sources */ = {isa = PBXBuildFile; fileRef = FA42B2AF2734394A00B0CD8A /* ResetPasswordViewController.swift */; };
		FA49F64B273DE44200F57F3C /* User+CoreDataClass.swift in Sources */ = {isa = PBXBuildFile; fileRef = FA49F645273DE44200F57F3C /* User+CoreDataClass.swift */; };
		FA49F64C273DE44200F57F3C /* User+CoreDataProperties.swift in Sources */ = {isa = PBXBuildFile; fileRef = FA49F646273DE44200F57F3C /* User+CoreDataProperties.swift */; };
		FA49F64D273DE44200F57F3C /* Comments+CoreDataClass.swift in Sources */ = {isa = PBXBuildFile; fileRef = FA49F647273DE44200F57F3C /* Comments+CoreDataClass.swift */; };
		FA49F64E273DE44200F57F3C /* Comments+CoreDataProperties.swift in Sources */ = {isa = PBXBuildFile; fileRef = FA49F648273DE44200F57F3C /* Comments+CoreDataProperties.swift */; };
		FA49F64F273DE44200F57F3C /* Products+CoreDataClass.swift in Sources */ = {isa = PBXBuildFile; fileRef = FA49F649273DE44200F57F3C /* Products+CoreDataClass.swift */; };
		FA49F650273DE44200F57F3C /* Products+CoreDataProperties.swift in Sources */ = {isa = PBXBuildFile; fileRef = FA49F64A273DE44200F57F3C /* Products+CoreDataProperties.swift */; };
		FA5BFE2D273AC1EE00E991DB /* BaseTabBarControlle.swift in Sources */ = {isa = PBXBuildFile; fileRef = FA5BFE2C273AC1EE00E991DB /* BaseTabBarControlle.swift */; };
		FA89B909273A70F300301A30 /* Extentions.swift in Sources */ = {isa = PBXBuildFile; fileRef = FA89B908273A70F300301A30 /* Extentions.swift */; };
		FA97934127387BB3003C5F89 /* Profile.storyboard in Resources */ = {isa = PBXBuildFile; fileRef = FA97934027387BB3003C5F89 /* Profile.storyboard */; };
		FA97934227387DA0003C5F89 /* ProfileViewController.swift in Sources */ = {isa = PBXBuildFile; fileRef = FAF950C92735A2DC0077B17A /* ProfileViewController.swift */; };
		FA979347273929A8003C5F89 /* ChangePasswordViewController.swift in Sources */ = {isa = PBXBuildFile; fileRef = FA979346273929A8003C5F89 /* ChangePasswordViewController.swift */; };
		FA9EB5142737EE4300AD2D2E /* AddCommentPopupViewController.swift in Sources */ = {isa = PBXBuildFile; fileRef = FA9EB5132737EE4300AD2D2E /* AddCommentPopupViewController.swift */; };
		FAF950D02735A5DD0077B17A /* ProductTableViewCell.swift in Sources */ = {isa = PBXBuildFile; fileRef = FAF950CF2735A5DD0077B17A /* ProductTableViewCell.swift */; };
		FAF950D52735A6020077B17A /* CommentTableViewCell.swift in Sources */ = {isa = PBXBuildFile; fileRef = FAF950D42735A6020077B17A /* CommentTableViewCell.swift */; };
/* End PBXBuildFile section */

/* Begin PBXFileReference section */
		16AAEC4E9770DB835122C9C0 /* Pods-Catalog app.debug.xcconfig */ = {isa = PBXFileReference; includeInIndex = 1; lastKnownFileType = text.xcconfig; name = "Pods-Catalog app.debug.xcconfig"; path = "Target Support Files/Pods-Catalog app/Pods-Catalog app.debug.xcconfig"; sourceTree = "<group>"; };
		4B4B8737FF34540BE60A83E1 /* Pods_Catalog_app.framework */ = {isa = PBXFileReference; explicitFileType = wrapper.framework; includeInIndex = 0; path = Pods_Catalog_app.framework; sourceTree = BUILT_PRODUCTS_DIR; };
		E4D043F138B69E077EA12AB6 /* Pods-Catalog app.release.xcconfig */ = {isa = PBXFileReference; includeInIndex = 1; lastKnownFileType = text.xcconfig; name = "Pods-Catalog app.release.xcconfig"; path = "Target Support Files/Pods-Catalog app/Pods-Catalog app.release.xcconfig"; sourceTree = "<group>"; };
		FA0C6BAB2735692500B538EE /* DetailViewController.swift */ = {isa = PBXFileReference; lastKnownFileType = sourcecode.swift; path = DetailViewController.swift; sourceTree = "<group>"; };
		FA0C6BAE27356A8500B538EE /* HomeViewController.swift */ = {isa = PBXFileReference; lastKnownFileType = sourcecode.swift; path = HomeViewController.swift; sourceTree = "<group>"; };
		FA0C6BB527356F9800B538EE /* ProductCollectionViewCell.swift */ = {isa = PBXFileReference; lastKnownFileType = sourcecode.swift; path = ProductCollectionViewCell.swift; sourceTree = "<group>"; };
		FA0C6BBB2735903300B538EE /* CategoriesViewController.swift */ = {isa = PBXFileReference; lastKnownFileType = sourcecode.swift; path = CategoriesViewController.swift; sourceTree = "<group>"; };
		FA0C6BBF2735931D00B538EE /* CategoryTableViewCell.swift */ = {isa = PBXFileReference; lastKnownFileType = sourcecode.swift; path = CategoryTableViewCell.swift; sourceTree = "<group>"; };
		FA42B27A273404CB00B0CD8A /* Catalog app.app */ = {isa = PBXFileReference; explicitFileType = wrapper.application; includeInIndex = 0; path = "Catalog app.app"; sourceTree = BUILT_PRODUCTS_DIR; };
		FA42B27D273404CB00B0CD8A /* AppDelegate.swift */ = {isa = PBXFileReference; lastKnownFileType = sourcecode.swift; path = AppDelegate.swift; sourceTree = "<group>"; };
		FA42B27F273404CB00B0CD8A /* SceneDelegate.swift */ = {isa = PBXFileReference; lastKnownFileType = sourcecode.swift; path = SceneDelegate.swift; sourceTree = "<group>"; };
		FA42B281273404CB00B0CD8A /* LoginViewController.swift */ = {isa = PBXFileReference; lastKnownFileType = sourcecode.swift; path = LoginViewController.swift; sourceTree = "<group>"; };
		FA42B284273404CB00B0CD8A /* Base */ = {isa = PBXFileReference; lastKnownFileType = file.storyboard; name = Base; path = Base.lproj/Login.storyboard; sourceTree = "<group>"; };
		FA42B287273404CB00B0CD8A /* testTask_ProductCatalog.xcdatamodel */ = {isa = PBXFileReference; lastKnownFileType = wrapper.xcdatamodel; path = testTask_ProductCatalog.xcdatamodel; sourceTree = "<group>"; };
		FA42B289273404CD00B0CD8A /* Assets.xcassets */ = {isa = PBXFileReference; lastKnownFileType = folder.assetcatalog; path = Assets.xcassets; sourceTree = "<group>"; };
		FA42B28C273404CD00B0CD8A /* Base */ = {isa = PBXFileReference; lastKnownFileType = file.storyboard; name = Base; path = Base.lproj/LaunchScreen.storyboard; sourceTree = "<group>"; };
		FA42B28E273404CD00B0CD8A /* Info.plist */ = {isa = PBXFileReference; lastKnownFileType = text.plist.xml; path = Info.plist; sourceTree = "<group>"; };
		FA42B2992734207B00B0CD8A /* Catalog.storyboard */ = {isa = PBXFileReference; lastKnownFileType = file.storyboard; path = Catalog.storyboard; sourceTree = "<group>"; };
		FA42B2AC273438C600B0CD8A /* SignUpViewController.swift */ = {isa = PBXFileReference; lastKnownFileType = sourcecode.swift; path = SignUpViewController.swift; sourceTree = "<group>"; };
		FA42B2AF2734394A00B0CD8A /* ResetPasswordViewController.swift */ = {isa = PBXFileReference; lastKnownFileType = sourcecode.swift; path = ResetPasswordViewController.swift; sourceTree = "<group>"; };
		FA49F645273DE44200F57F3C /* User+CoreDataClass.swift */ = {isa = PBXFileReference; lastKnownFileType = sourcecode.swift; path = "User+CoreDataClass.swift"; sourceTree = "<group>"; };
		FA49F646273DE44200F57F3C /* User+CoreDataProperties.swift */ = {isa = PBXFileReference; lastKnownFileType = sourcecode.swift; path = "User+CoreDataProperties.swift"; sourceTree = "<group>"; };
		FA49F647273DE44200F57F3C /* Comments+CoreDataClass.swift */ = {isa = PBXFileReference; lastKnownFileType = sourcecode.swift; path = "Comments+CoreDataClass.swift"; sourceTree = "<group>"; };
		FA49F648273DE44200F57F3C /* Comments+CoreDataProperties.swift */ = {isa = PBXFileReference; lastKnownFileType = sourcecode.swift; path = "Comments+CoreDataProperties.swift"; sourceTree = "<group>"; };
		FA49F649273DE44200F57F3C /* Products+CoreDataClass.swift */ = {isa = PBXFileReference; lastKnownFileType = sourcecode.swift; path = "Products+CoreDataClass.swift"; sourceTree = "<group>"; };
		FA49F64A273DE44200F57F3C /* Products+CoreDataProperties.swift */ = {isa = PBXFileReference; lastKnownFileType = sourcecode.swift; path = "Products+CoreDataProperties.swift"; sourceTree = "<group>"; };
		FA5BFE2C273AC1EE00E991DB /* BaseTabBarControlle.swift */ = {isa = PBXFileReference; lastKnownFileType = sourcecode.swift; path = BaseTabBarControlle.swift; sourceTree = "<group>"; };
		FA89B908273A70F300301A30 /* Extentions.swift */ = {isa = PBXFileReference; lastKnownFileType = sourcecode.swift; path = Extentions.swift; sourceTree = "<group>"; };
		FA97934027387BB3003C5F89 /* Profile.storyboard */ = {isa = PBXFileReference; lastKnownFileType = file.storyboard; path = Profile.storyboard; sourceTree = "<group>"; };
		FA979346273929A8003C5F89 /* ChangePasswordViewController.swift */ = {isa = PBXFileReference; lastKnownFileType = sourcecode.swift; path = ChangePasswordViewController.swift; sourceTree = "<group>"; };
		FA9EB5132737EE4300AD2D2E /* AddCommentPopupViewController.swift */ = {isa = PBXFileReference; lastKnownFileType = sourcecode.swift; path = AddCommentPopupViewController.swift; sourceTree = "<group>"; };
		FAF950C92735A2DC0077B17A /* ProfileViewController.swift */ = {isa = PBXFileReference; lastKnownFileType = sourcecode.swift; path = ProfileViewController.swift; sourceTree = "<group>"; };
		FAF950CF2735A5DD0077B17A /* ProductTableViewCell.swift */ = {isa = PBXFileReference; lastKnownFileType = sourcecode.swift; path = ProductTableViewCell.swift; sourceTree = "<group>"; };
		FAF950D42735A6020077B17A /* CommentTableViewCell.swift */ = {isa = PBXFileReference; lastKnownFileType = sourcecode.swift; path = CommentTableViewCell.swift; sourceTree = "<group>"; };
/* End PBXFileReference section */

/* Begin PBXFrameworksBuildPhase section */
		FA42B277273404CB00B0CD8A /* Frameworks */ = {
			isa = PBXFrameworksBuildPhase;
			buildActionMask = 2147483647;
			files = (
				D89CB59FE6E7CD98DCD8A00D /* Pods_Catalog_app.framework in Frameworks */,
			);
			runOnlyForDeploymentPostprocessing = 0;
		};
/* End PBXFrameworksBuildPhase section */

/* Begin PBXGroup section */
		50C12A5AEBB34939BC1F134D /* Pods */ = {
			isa = PBXGroup;
			children = (
				16AAEC4E9770DB835122C9C0 /* Pods-Catalog app.debug.xcconfig */,
				E4D043F138B69E077EA12AB6 /* Pods-Catalog app.release.xcconfig */,
			);
			path = Pods;
			sourceTree = "<group>";
		};
		DA5A1E104B5B9D1CA217E123 /* Frameworks */ = {
			isa = PBXGroup;
			children = (
				4B4B8737FF34540BE60A83E1 /* Pods_Catalog_app.framework */,
			);
			name = Frameworks;
			sourceTree = "<group>";
		};
		FA0C6BA127355B1900B538EE /* HomePageCollectionView */ = {
			isa = PBXGroup;
			children = (
				FA9EB5112737EE0800AD2D2E /* Cell */,
				FA0C6BAE27356A8500B538EE /* HomeViewController.swift */,
				FA5BFE2C273AC1EE00E991DB /* BaseTabBarControlle.swift */,
			);
			path = HomePageCollectionView;
			sourceTree = "<group>";
		};
		FA0C6BBE273592ED00B538EE /* CategoryTableView */ = {
			isa = PBXGroup;
			children = (
				FA9EB5102737EDFB00AD2D2E /* Cell */,
				FA0C6BBB2735903300B538EE /* CategoriesViewController.swift */,
			);
			path = CategoryTableView;
			sourceTree = "<group>";
		};
		FA42B271273404CB00B0CD8A = {
			isa = PBXGroup;
			children = (
				FA42B27C273404CB00B0CD8A /* Catalog app */,
				FA42B27B273404CB00B0CD8A /* Products */,
				50C12A5AEBB34939BC1F134D /* Pods */,
				DA5A1E104B5B9D1CA217E123 /* Frameworks */,
			);
			sourceTree = "<group>";
		};
		FA42B27B273404CB00B0CD8A /* Products */ = {
			isa = PBXGroup;
			children = (
				FA42B27A273404CB00B0CD8A /* Catalog app.app */,
			);
			name = Products;
			sourceTree = "<group>";
		};
		FA42B27C273404CB00B0CD8A /* Catalog app */ = {
			isa = PBXGroup;
			children = (
				FA89B907273A70D900301A30 /* Extentions */,
				FA89B8EF273A608C00301A30 /* CoreData */,
				FA97933F27387B90003C5F89 /* Profile */,
				FA42B29E273420C800B0CD8A /* Catalog */,
				FA42B29C2734209200B0CD8A /* Login */,
				FA42B27D273404CB00B0CD8A /* AppDelegate.swift */,
				FA42B27F273404CB00B0CD8A /* SceneDelegate.swift */,
				FA42B289273404CD00B0CD8A /* Assets.xcassets */,
				FA42B28B273404CD00B0CD8A /* LaunchScreen.storyboard */,
				FA42B28E273404CD00B0CD8A /* Info.plist */,
			);
			path = "Catalog app";
			sourceTree = "<group>";
		};
		FA42B29C2734209200B0CD8A /* Login */ = {
			isa = PBXGroup;
			children = (
				FA42B283273404CB00B0CD8A /* Login.storyboard */,
				FA42B281273404CB00B0CD8A /* LoginViewController.swift */,
				FA42B2AC273438C600B0CD8A /* SignUpViewController.swift */,
				FA42B2AF2734394A00B0CD8A /* ResetPasswordViewController.swift */,
			);
			path = Login;
			sourceTree = "<group>";
		};
		FA42B29E273420C800B0CD8A /* Catalog */ = {
			isa = PBXGroup;
			children = (
				FAF950CD2735A5BE0077B17A /* DetailPage */,
				FA0C6BBE273592ED00B538EE /* CategoryTableView */,
				FA0C6BA127355B1900B538EE /* HomePageCollectionView */,
				FA42B2992734207B00B0CD8A /* Catalog.storyboard */,
			);
			path = Catalog;
			sourceTree = "<group>";
		};
		FA89B8EF273A608C00301A30 /* CoreData */ = {
			isa = PBXGroup;
			children = (
				FA49F645273DE44200F57F3C /* User+CoreDataClass.swift */,
				FA49F646273DE44200F57F3C /* User+CoreDataProperties.swift */,
				FA49F647273DE44200F57F3C /* Comments+CoreDataClass.swift */,
				FA49F648273DE44200F57F3C /* Comments+CoreDataProperties.swift */,
				FA49F649273DE44200F57F3C /* Products+CoreDataClass.swift */,
				FA49F64A273DE44200F57F3C /* Products+CoreDataProperties.swift */,
				FA42B286273404CB00B0CD8A /* CoreData.xcdatamodeld */,
			);
			path = CoreData;
			sourceTree = "<group>";
		};
		FA89B907273A70D900301A30 /* Extentions */ = {
			isa = PBXGroup;
			children = (
				FA89B908273A70F300301A30 /* Extentions.swift */,
			);
			path = Extentions;
			sourceTree = "<group>";
		};
		FA97933F27387B90003C5F89 /* Profile */ = {
			isa = PBXGroup;
			children = (
				FA9793452739243D003C5F89 /* Change password */,
				FAF950C92735A2DC0077B17A /* ProfileViewController.swift */,
				FA97934027387BB3003C5F89 /* Profile.storyboard */,
			);
			path = Profile;
			sourceTree = "<group>";
		};
		FA9793452739243D003C5F89 /* Change password */ = {
			isa = PBXGroup;
			children = (
				FA979346273929A8003C5F89 /* ChangePasswordViewController.swift */,
			);
			path = "Change password";
			sourceTree = "<group>";
		};
		FA9EB5102737EDFB00AD2D2E /* Cell */ = {
			isa = PBXGroup;
			children = (
				FA0C6BBF2735931D00B538EE /* CategoryTableViewCell.swift */,
			);
			path = Cell;
			sourceTree = "<group>";
		};
		FA9EB5112737EE0800AD2D2E /* Cell */ = {
			isa = PBXGroup;
			children = (
				FA0C6BB527356F9800B538EE /* ProductCollectionViewCell.swift */,
			);
			path = Cell;
			sourceTree = "<group>";
		};
		FA9EB5122737EE1B00AD2D2E /* Cell */ = {
			isa = PBXGroup;
			children = (
				FAF950CF2735A5DD0077B17A /* ProductTableViewCell.swift */,
				FAF950D42735A6020077B17A /* CommentTableViewCell.swift */,
			);
			path = Cell;
			sourceTree = "<group>";
		};
		FAF950CD2735A5BE0077B17A /* DetailPage */ = {
			isa = PBXGroup;
			children = (
				FA9EB5122737EE1B00AD2D2E /* Cell */,
				FA0C6BAB2735692500B538EE /* DetailViewController.swift */,
				FA9EB5132737EE4300AD2D2E /* AddCommentPopupViewController.swift */,
			);
			path = DetailPage;
			sourceTree = "<group>";
		};
/* End PBXGroup section */

/* Begin PBXNativeTarget section */
		FA42B279273404CB00B0CD8A /* Catalog app */ = {
			isa = PBXNativeTarget;
			buildConfigurationList = FA42B291273404CD00B0CD8A /* Build configuration list for PBXNativeTarget "Catalog app" */;
			buildPhases = (
				3140DA8D9A83201BFB5B9BEC /* [CP] Check Pods Manifest.lock */,
				FA42B276273404CB00B0CD8A /* Sources */,
				FA42B277273404CB00B0CD8A /* Frameworks */,
				FA42B278273404CB00B0CD8A /* Resources */,
				DD97B0CD9226350249077F97 /* [CP] Embed Pods Frameworks */,
			);
			buildRules = (
			);
			dependencies = (
			);
			name = "Catalog app";
			productName = testTask_ProductCatalog;
			productReference = FA42B27A273404CB00B0CD8A /* Catalog app.app */;
			productType = "com.apple.product-type.application";
		};
/* End PBXNativeTarget section */

/* Begin PBXProject section */
		FA42B272273404CB00B0CD8A /* Project object */ = {
			isa = PBXProject;
			attributes = {
				LastSwiftUpdateCheck = 1240;
				LastUpgradeCheck = 1240;
				TargetAttributes = {
					FA42B279273404CB00B0CD8A = {
						CreatedOnToolsVersion = 12.4;
					};
				};
			};
			buildConfigurationList = FA42B275273404CB00B0CD8A /* Build configuration list for PBXProject "Catalog app" */;
			compatibilityVersion = "Xcode 9.3";
			developmentRegion = en;
			hasScannedForEncodings = 0;
			knownRegions = (
				en,
				Base,
			);
			mainGroup = FA42B271273404CB00B0CD8A;
			productRefGroup = FA42B27B273404CB00B0CD8A /* Products */;
			projectDirPath = "";
			projectRoot = "";
			targets = (
				FA42B279273404CB00B0CD8A /* Catalog app */,
			);
		};
/* End PBXProject section */

/* Begin PBXResourcesBuildPhase section */
		FA42B278273404CB00B0CD8A /* Resources */ = {
			isa = PBXResourcesBuildPhase;
			buildActionMask = 2147483647;
			files = (
				FA42B29A2734207B00B0CD8A /* Catalog.storyboard in Resources */,
				FA42B28D273404CD00B0CD8A /* LaunchScreen.storyboard in Resources */,
				FA97934127387BB3003C5F89 /* Profile.storyboard in Resources */,
				FA42B28A273404CD00B0CD8A /* Assets.xcassets in Resources */,
				FA42B285273404CB00B0CD8A /* Login.storyboard in Resources */,
			);
			runOnlyForDeploymentPostprocessing = 0;
		};
/* End PBXResourcesBuildPhase section */

/* Begin PBXShellScriptBuildPhase section */
		3140DA8D9A83201BFB5B9BEC /* [CP] Check Pods Manifest.lock */ = {
			isa = PBXShellScriptBuildPhase;
			buildActionMask = 2147483647;
			files = (
			);
			inputFileListPaths = (
			);
			inputPaths = (
				"${PODS_PODFILE_DIR_PATH}/Podfile.lock",
				"${PODS_ROOT}/Manifest.lock",
			);
			name = "[CP] Check Pods Manifest.lock";
			outputFileListPaths = (
			);
			outputPaths = (
				"$(DERIVED_FILE_DIR)/Pods-Catalog app-checkManifestLockResult.txt",
			);
			runOnlyForDeploymentPostprocessing = 0;
			shellPath = /bin/sh;
			shellScript = "diff \"${PODS_PODFILE_DIR_PATH}/Podfile.lock\" \"${PODS_ROOT}/Manifest.lock\" > /dev/null\nif [ $? != 0 ] ; then\n    # print error to STDERR\n    echo \"error: The sandbox is not in sync with the Podfile.lock. Run 'pod install' or update your CocoaPods installation.\" >&2\n    exit 1\nfi\n# This output is used by Xcode 'outputs' to avoid re-running this script phase.\necho \"SUCCESS\" > \"${SCRIPT_OUTPUT_FILE_0}\"\n";
			showEnvVarsInLog = 0;
		};
		DD97B0CD9226350249077F97 /* [CP] Embed Pods Frameworks */ = {
			isa = PBXShellScriptBuildPhase;
			buildActionMask = 2147483647;
			files = (
			);
			inputFileListPaths = (
				"${PODS_ROOT}/Target Support Files/Pods-Catalog app/Pods-Catalog app-frameworks-${CONFIGURATION}-input-files.xcfilelist",
			);
			name = "[CP] Embed Pods Frameworks";
			outputFileListPaths = (
				"${PODS_ROOT}/Target Support Files/Pods-Catalog app/Pods-Catalog app-frameworks-${CONFIGURATION}-output-files.xcfilelist",
			);
			runOnlyForDeploymentPostprocessing = 0;
			shellPath = /bin/sh;
			shellScript = "\"${PODS_ROOT}/Target Support Files/Pods-Catalog app/Pods-Catalog app-frameworks.sh\"\n";
			showEnvVarsInLog = 0;
		};
/* End PBXShellScriptBuildPhase section */

/* Begin PBXSourcesBuildPhase section */
		FA42B276273404CB00B0CD8A /* Sources */ = {
			isa = PBXSourcesBuildPhase;
			buildActionMask = 2147483647;
			files = (
				FA97934227387DA0003C5F89 /* ProfileViewController.swift in Sources */,
				FA49F650273DE44200F57F3C /* Products+CoreDataProperties.swift in Sources */,
				FAF950D02735A5DD0077B17A /* ProductTableViewCell.swift in Sources */,
				FA49F64D273DE44200F57F3C /* Comments+CoreDataClass.swift in Sources */,
				FA0C6BAC2735692500B538EE /* DetailViewController.swift in Sources */,
				FA49F64B273DE44200F57F3C /* User+CoreDataClass.swift in Sources */,
				FA0C6BAF27356A8500B538EE /* HomeViewController.swift in Sources */,
				FA0C6BB627356F9800B538EE /* ProductCollectionViewCell.swift in Sources */,
				FA49F64E273DE44200F57F3C /* Comments+CoreDataProperties.swift in Sources */,
				FA42B282273404CB00B0CD8A /* LoginViewController.swift in Sources */,
				FA0C6BBC2735903300B538EE /* CategoriesViewController.swift in Sources */,
				FA42B27E273404CB00B0CD8A /* AppDelegate.swift in Sources */,
				FA0C6BC02735931D00B538EE /* CategoryTableViewCell.swift in Sources */,
				FA42B288273404CB00B0CD8A /* CoreData.xcdatamodeld in Sources */,
				FA42B2B02734394A00B0CD8A /* ResetPasswordViewController.swift in Sources */,
				FAF950D52735A6020077B17A /* CommentTableViewCell.swift in Sources */,
				FA979347273929A8003C5F89 /* ChangePasswordViewController.swift in Sources */,
				FA42B280273404CB00B0CD8A /* SceneDelegate.swift in Sources */,
				FA89B909273A70F300301A30 /* Extentions.swift in Sources */,
				FA5BFE2D273AC1EE00E991DB /* BaseTabBarControlle.swift in Sources */,
				FA9EB5142737EE4300AD2D2E /* AddCommentPopupViewController.swift in Sources */,
				FA49F64C273DE44200F57F3C /* User+CoreDataProperties.swift in Sources */,
				FA42B2AD273438C600B0CD8A /* SignUpViewController.swift in Sources */,
				FA49F64F273DE44200F57F3C /* Products+CoreDataClass.swift in Sources */,
			);
			runOnlyForDeploymentPostprocessing = 0;
		};
/* End PBXSourcesBuildPhase section */

/* Begin PBXVariantGroup section */
		FA42B283273404CB00B0CD8A /* Login.storyboard */ = {
			isa = PBXVariantGroup;
			children = (
				FA42B284273404CB00B0CD8A /* Base */,
			);
			name = Login.storyboard;
			sourceTree = "<group>";
		};
		FA42B28B273404CD00B0CD8A /* LaunchScreen.storyboard */ = {
			isa = PBXVariantGroup;
			children = (
				FA42B28C273404CD00B0CD8A /* Base */,
			);
			name = LaunchScreen.storyboard;
			sourceTree = "<group>";
		};
/* End PBXVariantGroup section */

/* Begin XCBuildConfiguration section */
		FA42B28F273404CD00B0CD8A /* Debug */ = {
			isa = XCBuildConfiguration;
			buildSettings = {
				ALWAYS_SEARCH_USER_PATHS = NO;
				CLANG_ANALYZER_NONNULL = YES;
				CLANG_ANALYZER_NUMBER_OBJECT_CONVERSION = YES_AGGRESSIVE;
				CLANG_CXX_LANGUAGE_STANDARD = "gnu++14";
				CLANG_CXX_LIBRARY = "libc++";
				CLANG_ENABLE_MODULES = YES;
				CLANG_ENABLE_OBJC_ARC = YES;
				CLANG_ENABLE_OBJC_WEAK = YES;
				CLANG_WARN_BLOCK_CAPTURE_AUTORELEASING = YES;
				CLANG_WARN_BOOL_CONVERSION = YES;
				CLANG_WARN_COMMA = YES;
				CLANG_WARN_CONSTANT_CONVERSION = YES;
				CLANG_WARN_DEPRECATED_OBJC_IMPLEMENTATIONS = YES;
				CLANG_WARN_DIRECT_OBJC_ISA_USAGE = YES_ERROR;
				CLANG_WARN_DOCUMENTATION_COMMENTS = YES;
				CLANG_WARN_EMPTY_BODY = YES;
				CLANG_WARN_ENUM_CONVERSION = YES;
				CLANG_WARN_INFINITE_RECURSION = YES;
				CLANG_WARN_INT_CONVERSION = YES;
				CLANG_WARN_NON_LITERAL_NULL_CONVERSION = YES;
				CLANG_WARN_OBJC_IMPLICIT_RETAIN_SELF = YES;
				CLANG_WARN_OBJC_LITERAL_CONVERSION = YES;
				CLANG_WARN_OBJC_ROOT_CLASS = YES_ERROR;
				CLANG_WARN_QUOTED_INCLUDE_IN_FRAMEWORK_HEADER = YES;
				CLANG_WARN_RANGE_LOOP_ANALYSIS = YES;
				CLANG_WARN_STRICT_PROTOTYPES = YES;
				CLANG_WARN_SUSPICIOUS_MOVE = YES;
				CLANG_WARN_UNGUARDED_AVAILABILITY = YES_AGGRESSIVE;
				CLANG_WARN_UNREACHABLE_CODE = YES;
				CLANG_WARN__DUPLICATE_METHOD_MATCH = YES;
				COPY_PHASE_STRIP = NO;
				DEBUG_INFORMATION_FORMAT = dwarf;
				ENABLE_STRICT_OBJC_MSGSEND = YES;
				ENABLE_TESTABILITY = YES;
				GCC_C_LANGUAGE_STANDARD = gnu11;
				GCC_DYNAMIC_NO_PIC = NO;
				GCC_NO_COMMON_BLOCKS = YES;
				GCC_OPTIMIZATION_LEVEL = 0;
				GCC_PREPROCESSOR_DEFINITIONS = (
					"DEBUG=1",
					"$(inherited)",
				);
				GCC_WARN_64_TO_32_BIT_CONVERSION = YES;
				GCC_WARN_ABOUT_RETURN_TYPE = YES_ERROR;
				GCC_WARN_UNDECLARED_SELECTOR = YES;
				GCC_WARN_UNINITIALIZED_AUTOS = YES_AGGRESSIVE;
				GCC_WARN_UNUSED_FUNCTION = YES;
				GCC_WARN_UNUSED_VARIABLE = YES;
				IPHONEOS_DEPLOYMENT_TARGET = 14.4;
				MTL_ENABLE_DEBUG_INFO = INCLUDE_SOURCE;
				MTL_FAST_MATH = YES;
				ONLY_ACTIVE_ARCH = YES;
				SDKROOT = iphoneos;
				SWIFT_ACTIVE_COMPILATION_CONDITIONS = DEBUG;
				SWIFT_OPTIMIZATION_LEVEL = "-Onone";
			};
			name = Debug;
		};
		FA42B290273404CD00B0CD8A /* Release */ = {
			isa = XCBuildConfiguration;
			buildSettings = {
				ALWAYS_SEARCH_USER_PATHS = NO;
				CLANG_ANALYZER_NONNULL = YES;
				CLANG_ANALYZER_NUMBER_OBJECT_CONVERSION = YES_AGGRESSIVE;
				CLANG_CXX_LANGUAGE_STANDARD = "gnu++14";
				CLANG_CXX_LIBRARY = "libc++";
				CLANG_ENABLE_MODULES = YES;
				CLANG_ENABLE_OBJC_ARC = YES;
				CLANG_ENABLE_OBJC_WEAK = YES;
				CLANG_WARN_BLOCK_CAPTURE_AUTORELEASING = YES;
				CLANG_WARN_BOOL_CONVERSION = YES;
				CLANG_WARN_COMMA = YES;
				CLANG_WARN_CONSTANT_CONVERSION = YES;
				CLANG_WARN_DEPRECATED_OBJC_IMPLEMENTATIONS = YES;
				CLANG_WARN_DIRECT_OBJC_ISA_USAGE = YES_ERROR;
				CLANG_WARN_DOCUMENTATION_COMMENTS = YES;
				CLANG_WARN_EMPTY_BODY = YES;
				CLANG_WARN_ENUM_CONVERSION = YES;
				CLANG_WARN_INFINITE_RECURSION = YES;
				CLANG_WARN_INT_CONVERSION = YES;
				CLANG_WARN_NON_LITERAL_NULL_CONVERSION = YES;
				CLANG_WARN_OBJC_IMPLICIT_RETAIN_SELF = YES;
				CLANG_WARN_OBJC_LITERAL_CONVERSION = YES;
				CLANG_WARN_OBJC_ROOT_CLASS = YES_ERROR;
				CLANG_WARN_QUOTED_INCLUDE_IN_FRAMEWORK_HEADER = YES;
				CLANG_WARN_RANGE_LOOP_ANALYSIS = YES;
				CLANG_WARN_STRICT_PROTOTYPES = YES;
				CLANG_WARN_SUSPICIOUS_MOVE = YES;
				CLANG_WARN_UNGUARDED_AVAILABILITY = YES_AGGRESSIVE;
				CLANG_WARN_UNREACHABLE_CODE = YES;
				CLANG_WARN__DUPLICATE_METHOD_MATCH = YES;
				COPY_PHASE_STRIP = NO;
				DEBUG_INFORMATION_FORMAT = "dwarf-with-dsym";
				ENABLE_NS_ASSERTIONS = NO;
				ENABLE_STRICT_OBJC_MSGSEND = YES;
				GCC_C_LANGUAGE_STANDARD = gnu11;
				GCC_NO_COMMON_BLOCKS = YES;
				GCC_WARN_64_TO_32_BIT_CONVERSION = YES;
				GCC_WARN_ABOUT_RETURN_TYPE = YES_ERROR;
				GCC_WARN_UNDECLARED_SELECTOR = YES;
				GCC_WARN_UNINITIALIZED_AUTOS = YES_AGGRESSIVE;
				GCC_WARN_UNUSED_FUNCTION = YES;
				GCC_WARN_UNUSED_VARIABLE = YES;
				IPHONEOS_DEPLOYMENT_TARGET = 14.4;
				MTL_ENABLE_DEBUG_INFO = NO;
				MTL_FAST_MATH = YES;
				SDKROOT = iphoneos;
				SWIFT_COMPILATION_MODE = wholemodule;
				SWIFT_OPTIMIZATION_LEVEL = "-O";
				VALIDATE_PRODUCT = YES;
			};
			name = Release;
		};
		FA42B292273404CD00B0CD8A /* Debug */ = {
			isa = XCBuildConfiguration;
			baseConfigurationReference = 16AAEC4E9770DB835122C9C0 /* Pods-Catalog app.debug.xcconfig */;
			buildSettings = {
				ASSETCATALOG_COMPILER_APPICON_NAME = AppIcon;
				ASSETCATALOG_COMPILER_GLOBAL_ACCENT_COLOR_NAME = AccentColor;
				CODE_SIGN_STYLE = Automatic;
				DEVELOPMENT_TEAM = J2C6GVHVQ9;
				INFOPLIST_FILE = "Catalog app/Info.plist";
				IPHONEOS_DEPLOYMENT_TARGET = 14.4;
				LD_RUNPATH_SEARCH_PATHS = (
					"$(inherited)",
					"@executable_path/Frameworks",
				);
				PRODUCT_BUNDLE_IDENTIFIER = "Anna.testTask-ProductCatalog";
				PRODUCT_NAME = "$(TARGET_NAME)";
				SWIFT_VERSION = 5.0;
				TARGETED_DEVICE_FAMILY = 1;
			};
			name = Debug;
		};
		FA42B293273404CD00B0CD8A /* Release */ = {
			isa = XCBuildConfiguration;
			baseConfigurationReference = E4D043F138B69E077EA12AB6 /* Pods-Catalog app.release.xcconfig */;
			buildSettings = {
				ASSETCATALOG_COMPILER_APPICON_NAME = AppIcon;
				ASSETCATALOG_COMPILER_GLOBAL_ACCENT_COLOR_NAME = AccentColor;
				CODE_SIGN_STYLE = Automatic;
				DEVELOPMENT_TEAM = J2C6GVHVQ9;
				INFOPLIST_FILE = "Catalog app/Info.plist";
				IPHONEOS_DEPLOYMENT_TARGET = 14.4;
				LD_RUNPATH_SEARCH_PATHS = (
					"$(inherited)",
					"@executable_path/Frameworks",
				);
				PRODUCT_BUNDLE_IDENTIFIER = "Anna.testTask-ProductCatalog";
				PRODUCT_NAME = "$(TARGET_NAME)";
				SWIFT_VERSION = 5.0;
				TARGETED_DEVICE_FAMILY = 1;
			};
			name = Release;
		};
/* End XCBuildConfiguration section */

/* Begin XCConfigurationList section */
		FA42B275273404CB00B0CD8A /* Build configuration list for PBXProject "Catalog app" */ = {
			isa = XCConfigurationList;
			buildConfigurations = (
				FA42B28F273404CD00B0CD8A /* Debug */,
				FA42B290273404CD00B0CD8A /* Release */,
			);
			defaultConfigurationIsVisible = 0;
			defaultConfigurationName = Release;
		};
		FA42B291273404CD00B0CD8A /* Build configuration list for PBXNativeTarget "Catalog app" */ = {
			isa = XCConfigurationList;
			buildConfigurations = (
				FA42B292273404CD00B0CD8A /* Debug */,
				FA42B293273404CD00B0CD8A /* Release */,
			);
			defaultConfigurationIsVisible = 0;
			defaultConfigurationName = Release;
		};
/* End XCConfigurationList section */

/* Begin XCVersionGroup section */
		FA42B286273404CB00B0CD8A /* CoreData.xcdatamodeld */ = {
			isa = XCVersionGroup;
			children = (
				FA42B287273404CB00B0CD8A /* testTask_ProductCatalog.xcdatamodel */,
			);
			currentVersion = FA42B287273404CB00B0CD8A /* testTask_ProductCatalog.xcdatamodel */;
			path = CoreData.xcdatamodeld;
			sourceTree = "<group>";
			versionGroupType = wrapper.xcdatamodel;
		};
/* End XCVersionGroup section */
	};
	rootObject = FA42B272273404CB00B0CD8A /* Project object */;
}
